<?xml version="1.0" encoding="utf-8"?>
<Project ToolsVersion="4.0" xmlns="http://schemas.microsoft.com/developer/msbuild/2003">
  <ItemGroup>
    <Filter Include="Source Files">
      <UniqueIdentifier>{4FC737F1-C7A5-4376-A066-2A32D752A2FF}</UniqueIdentifier>
      <Extensions>cpp;c;cc;cxx;def;odl;idl;hpj;bat;asm;asmx</Extensions>
    </Filter>
    <Filter Include="Header Files">
      <UniqueIdentifier>{93995380-89BD-4b04-88EB-625FBE52EBFB}</UniqueIdentifier>
      <Extensions>h;hh;hpp;hxx;hm;inl;inc;xsd</Extensions>
    </Filter>
    <Filter Include="Resource Files">
      <UniqueIdentifier>{67DA6AB6-F800-4c08-8B7A-83BB121AAD01}</UniqueIdentifier>
      <Extensions>rc;ico;cur;bmp;dlg;rc2;rct;bin;rgs;gif;jpg;jpeg;jpe;resx;tiff;tif;png;wav;mfcribbon-ms</Extensions>
    </Filter>
    <Filter Include="Header Files\actors">
      <UniqueIdentifier>{0ebf8ab1-6aa8-470c-be4f-b4d20b049622}</UniqueIdentifier>
    </Filter>
    <Filter Include="Header Files\sensors">
      <UniqueIdentifier>{d3c5f2fa-9b93-4c5d-acef-e254b874680d}</UniqueIdentifier>
    </Filter>
    <Filter Include="Source Files\actors">
      <UniqueIdentifier>{33c12b8a-d698-475f-8caf-f6b74e91d946}</UniqueIdentifier>
    </Filter>
    <Filter Include="Source Files\sensors">
      <UniqueIdentifier>{60317baf-2a47-440b-8713-ce917e86c2a4}</UniqueIdentifier>
    </Filter>
    <Filter Include="Header Files\misc">
      <UniqueIdentifier>{7168e208-b87a-4056-84ad-67708ea302b3}</UniqueIdentifier>
    </Filter>
    <Filter Include="Source Files\misc">
      <UniqueIdentifier>{fb0291db-a479-4197-9b80-386a45ac4891}</UniqueIdentifier>
    </Filter>
  </ItemGroup>
  <ItemGroup>
    <None Include="home_arduino.ino" />
  </ItemGroup>
  <ItemGroup>
    <ClInclude Include="__vm\.home_arduino.vsarduino.h">
      <Filter>Resource Files</Filter>
    </ClInclude>
    <ClInclude Include="home_actor.h">
      <Filter>Header Files\actors</Filter>
    </ClInclude>
    <ClInclude Include="home_dout.h">
      <Filter>Header Files\actors</Filter>
    </ClInclude>
    <ClInclude Include="home_motion.h">
      <Filter>Header Files\sensors</Filter>
    </ClInclude>
    <ClInclude Include="home_touch.h">
      <Filter>Header Files\sensors</Filter>
    </ClInclude>
    <ClInclude Include="home_constants.h">
      <Filter>Header Files\misc</Filter>
    </ClInclude>
    <ClInclude Include="home_doggle.h">
      <Filter>Header Files\misc</Filter>
    </ClInclude>
    <ClInclude Include="home_sensor.h">
      <Filter>Header Files\sensors</Filter>
    </ClInclude>
    <ClInclude Include="__vm\.testing.vsarduino.h">
      <Filter>Header Files</Filter>
    </ClInclude>
    <ClInclude Include="home_aout.h">
      <Filter>Header Files\actors</Filter>
    </ClInclude>
    <ClInclude Include="home_ain.h">
      <Filter>Header Files\sensors</Filter>
    </ClInclude>
    <ClInclude Include="home_dht.h">
      <Filter>Header Files\sensors</Filter>
    </ClInclude>
    <ClInclude Include="neopixelobjekt.h">
      <Filter>Header Files\actors</Filter>
    </ClInclude>
    <ClInclude Include="home_gas.h">
      <Filter>Header Files\sensors</Filter>
    </ClInclude>
    <ClInclude Include="home_log.h">
      <Filter>Header Files\misc</Filter>
    </ClInclude>
    <ClInclude Include="randomtemplight.h">
      <Filter>Header Files\misc</Filter>
    </ClInclude>
  </ItemGroup>
  <ItemGroup>
    <ClCompile Include="home_actor.cpp">
      <Filter>Source Files\actors</Filter>
    </ClCompile>
    <ClCompile Include="home_dout.cpp">
      <Filter>Source Files\actors</Filter>
    </ClCompile>
    <ClCompile Include="home_motion.cpp">
      <Filter>Source Files\sensors</Filter>
    </ClCompile>
    <ClCompile Include="home_touch.cpp">
      <Filter>Source Files\sensors</Filter>
    </ClCompile>
    <ClCompile Include="home_doggle.cpp">
      <Filter>Source Files\misc</Filter>
    </ClCompile>
    <ClCompile Include="home_sensor.cpp">
      <Filter>Source Files\sensors</Filter>
    </ClCompile>
    <ClCompile Include="home_aout.cpp">
      <Filter>Source Files\actors</Filter>
    </ClCompile>
    <ClCompile Include="home_ain.cpp">
      <Filter>Source Files\sensors</Filter>
    </ClCompile>
    <ClCompile Include="home_dht.cpp">
      <Filter>Source Files\sensors</Filter>
    </ClCompile>
    <ClCompile Include="home_gas.cpp">
      <Filter>Source Files\sensors</Filter>
    </ClCompile>
    <ClCompile Include="home_log.cpp">
      <Filter>Source Files\misc</Filter>
    </ClCompile>
  </ItemGroup>
</Project>